
Microsoft Visual Studio Solution File, Format Version 12.00
# Visual Studio Version 17
VisualStudioVersion = 17.4.33213.308
MinimumVisualStudioVersion = 10.0.40219.1
Project("{FAE04EC0-301F-11D3-BF4B-00C04F79EFBC}") = "Registeration", "Registeration\Registeration.csproj", "{168674CE-D311-4940-9CC3-3883BA0DFBDD}"
EndProject
Global
	GlobalSection(SolutionConfigurationPlatforms) = preSolution
		Debug|Any CPU = Debug|Any CPU
		Release|Any CPU = Release|Any CPU
	EndGlobalSection
	GlobalSection(ProjectConfigurationPlatforms) = postSolution
		{168674CE-D311-4940-9CC3-3883BA0DFBDD}.Debug|Any CPU.ActiveCfg = Debug|Any CPU
		{168674CE-D311-4940-9CC3-3883BA0DFBDD}.Debug|Any CPU.Build.0 = Debug|Any CPU
		{168674CE-D311-4940-9CC3-3883BA0DFBDD}.Release|Any CPU.ActiveCfg = Release|Any CPU
		{168674CE-D311-4940-9CC3-3883BA0DFBDD}.Release|Any CPU.Build.0 = Release|Any CPU
	EndGlobalSection
	GlobalSection(SolutionProperties) = preSolution
		HideSolutionNode = FALSE
	EndGlobalSection
	GlobalSection(ExtensibilityGlobals) = postSolution
		SolutionGuid = {CA9EE196-DEDA-432E-B30C-207454184DFA}
	EndGlobalSection
EndGlobal
